hash: eb119df08bff3a9c7ba09ff03321e524e6beaab6c414757b4c59b4a44ca85e7f
updated: 2018-11-01T17:48:55.337483529+05:30
imports:
- name: github.com/apratheek/schemamagic
  version: 1049c7a059c72998adabefde31f0fdb91a4eb85c
- name: github.com/davecgh/go-spew
  version: d8f796af33cc11cb798c1aaeb27a4ebc5099927d
  subpackages:
  - spew
- name: github.com/fatih/color
  version: 3f9d52f7176a6927daacff70a3e8d1dc2025c53e
- name: github.com/franela/goreq
  version: bcd34c9993f899273c74baaa95e15386cd97b6e7
- name: github.com/jackc/pgx
  version: 381a1e8156ff5198b83cbb2dd63471aab0b67995
  subpackages:
  - chunkreader
  - internal/sanitize
  - pgio
  - pgproto3
  - pgtype
- name: github.com/mattn/go-colorable
  version: 5411d3eea5978e6cdc258b30de592b60df6aba96
- name: github.com/mattn/go-isatty
  version: 57fdcb988a5c543893cc61bce354a6e24ab70022
- name: github.com/pkg/errors
  version: 059132a15dd08d6704c67711dae0cf35ab991756
- name: github.com/twinj/uuid
  version: 835a10bbd6bce40820349a68b1368a62c3c5617c
- name: github.com/Unaxiom/ulogger
  version: b469f46f5ab06e785565fec07d52c8b6eb9693f4
  subpackages:
  - structs
- name: golang.org/x/sys
  version: 9b800f95dbbc54abff0acf7ee32d88ba4e328c89
  subpackages:
  - unix
- name: gopkg.in/jackc/pgx.v2
  version: da3231b0b66e2e74cdb779f1d46c5e958ba8be27
testImports:
- name: github.com/pmezard/go-difflib
  version: d8ed2627bdf02c080bf22230dbb337003b7aba2d
  subpackages:
  - difflib
- name: github.com/stretchr/testify
  version: f35b8ab0b5a2cef36673838d662e249dd9c94686
  subpackages:
  - assert
  - require
